
Microsoft Visual Studio Solution File, Format Version 12.00
# Visual Studio Version 17
VisualStudioVersion = 17.10.35027.167
MinimumVisualStudioVersion = 10.0.40219.1
Project("{FAE04EC0-301F-11D3-BF4B-00C04F79EFBC}") = "TestePraticoTargetSistemas.CLI", "TestePraticoTargetSistemas.CLI\TestePraticoTargetSistemas.CLI.csproj", "{23B1AD88-A312-4FBB-99F6-E3DC9A3A2D2F}"
EndProject
Project("{FAE04EC0-301F-11D3-BF4B-00C04F79EFBC}") = "TestePraticoTargetSistemas.Tests", "TestePraticoTargetSistemas.Tests\TestePraticoTargetSistemas.Tests.csproj", "{2B58F316-5877-4A49-92B2-9266E6A07A2A}"
EndProject
Global
	GlobalSection(SolutionConfigurationPlatforms) = preSolution
		Debug|Any CPU = Debug|Any CPU
		Release|Any CPU = Release|Any CPU
	EndGlobalSection
	GlobalSection(ProjectConfigurationPlatforms) = postSolution
		{23B1AD88-A312-4FBB-99F6-E3DC9A3A2D2F}.Debug|Any CPU.ActiveCfg = Debug|Any CPU
		{23B1AD88-A312-4FBB-99F6-E3DC9A3A2D2F}.Debug|Any CPU.Build.0 = Debug|Any CPU
		{23B1AD88-A312-4FBB-99F6-E3DC9A3A2D2F}.Release|Any CPU.ActiveCfg = Release|Any CPU
		{23B1AD88-A312-4FBB-99F6-E3DC9A3A2D2F}.Release|Any CPU.Build.0 = Release|Any CPU
		{2B58F316-5877-4A49-92B2-9266E6A07A2A}.Debug|Any CPU.ActiveCfg = Debug|Any CPU
		{2B58F316-5877-4A49-92B2-9266E6A07A2A}.Debug|Any CPU.Build.0 = Debug|Any CPU
		{2B58F316-5877-4A49-92B2-9266E6A07A2A}.Release|Any CPU.ActiveCfg = Release|Any CPU
		{2B58F316-5877-4A49-92B2-9266E6A07A2A}.Release|Any CPU.Build.0 = Release|Any CPU
	EndGlobalSection
	GlobalSection(SolutionProperties) = preSolution
		HideSolutionNode = FALSE
	EndGlobalSection
	GlobalSection(ExtensibilityGlobals) = postSolution
		SolutionGuid = {F2BB74CB-3A22-4C24-8E8B-E5C75BD827A9}
	EndGlobalSection
EndGlobal
